<?xml version="1.0" encoding="UTF-8" standalone="yes" ?>
<CodeBlocks_project_file>
	<FileVersion major="1" minor="6" />
	<Project>
		<Option title="TestGame" />
		<Option pch_mode="2" />
		<Option compiler="gcc" />
		<Build>
			<Target title="Debug">
				<Option output="bin/Debug/TestGame" prefix_auto="1" extension_auto="1" />
				<Option object_output="obj/Debug/" />
				<Option type="1" />
				<Option compiler="gcc" />
				<Compiler>
					<Add option="-g" />
					<Add directory="Headers" />
					<Add directory="Headers/Number" />
				</Compiler>
			</Target>
			<Target title="Release">
				<Option output="bin/Release/TestGame" prefix_auto="1" extension_auto="1" />
				<Option object_output="obj/Release/" />
				<Option type="1" />
				<Option compiler="gcc" />
				<Compiler>
					<Add option="-O2" />
				</Compiler>
				<Linker>
					<Add option="-s" />
				</Linker>
			</Target>
		</Build>
		<Compiler>
			<Add option="-Wall" />
			<Add option="-fexceptions" />
		</Compiler>
		<Unit filename="Headers/Background.hpp" />
		<Unit filename="Headers/Bullet.hpp" />
		<Unit filename="Headers/GP.hpp" />
		<Unit filename="Headers/GameConsole.hpp" />
		<Unit filename="Headers/Number.hpp" />
		<Unit filename="Headers/Number/So1.hpp" />
		<Unit filename="Headers/Point.hpp" />
		<Unit filename="Headers/ScoreBoard.hpp" />
		<Unit filename="Headers/SpaceShip.hpp" />
		<Unit filename="Headers/Star.hpp" />
		<Unit filename="main.cpp" />
		<Extensions>
			<code_completion />
			<envvars />
			<debugger />
			<lib_finder disable_auto="1" />
		</Extensions>
	</Project>
</CodeBlocks_project_file>
